{
  "version": 4,
  "terraform_version": "0.14.4",
  "serial": 48,
  "lineage": "5c699268-b845-b193-04f6-c2515f36575c",
  "outputs": {
    "access_ip": {
      "value": "164.90.242.41",
      "type": "string"
    }
  },
  "resources": [
    {
      "module": "module.webserer",
      "mode": "data",
      "type": "digitalocean_ssh_key",
      "name": "terraform",
      "provider": "module.webserer.provider[\"registry.terraform.io/digitalocean/digitalocean\"]",
      "instances": [
        {
          "schema_version": 0,
          "attributes": {
            "fingerprint": "9c:ab:dc:7c:da:2a:21:f4:b6:40:9a:32:a5:f9:72:94",
            "id": "28675725",
            "name": "do-rsa",
            "public_key": "ssh-rsa AAAAB3NzaC1yc2EAAAADAQABAAABAQDDsPXoGtTmF9m/1/5E1T1H9fJfjZido5bMux397FpVIln8A64+0KsH3b8YfGzYguIAe37/vjUBOAeYmljZxj2YGadZHQQ7TriUycwPyjmKsxnI2NLRY8KqYsJhXiaoEFHWJkxfvIJY3hG7UU25tAIWFRSopTxk4Psxm/G84la1ifkOvR2K3oK+hFjrJTO8auBEfjrVOAmOOF50dS6WhGy6e6cehoGtjMbmPYrAfJN6TjTz5rGJZQz8qeV5wTFTOPy4dppslFQ0NOsY5rc7AHGcVzWbtzHF4cN0YxZbjYwFvCW+msQD0OWAJujgZnksvec+/hM1T0gVKXEvt41dAtA/ sablin@DESKTOP-P5CIL2N"
          },
          "sensitive_attributes": []
        }
      ]
    },
    {
      "module": "module.webserer",
      "mode": "managed",
      "type": "digitalocean_droplet",
      "name": "web",
      "provider": "module.webserer.provider[\"registry.terraform.io/digitalocean/digitalocean\"]",
      "instances": [
        {
          "index_key": 0,
          "schema_version": 1,
          "attributes": {
            "backups": false,
            "created_at": "2021-02-10T07:47:09Z",
            "disk": 25,
            "id": "230963941",
            "image": "ubuntu-18-04-x64",
            "ipv4_address": "165.227.154.31",
            "ipv4_address_private": "10.135.0.3",
            "ipv6": false,
            "ipv6_address": "",
            "ipv6_address_private": null,
            "locked": false,
            "memory": 1024,
            "monitoring": false,
            "name": "myunittest-www-0",
            "price_hourly": 0.00744,
            "price_monthly": 5,
            "private_networking": true,
            "region": "fra1",
            "resize_disk": true,
            "size": "s-1vcpu-1gb",
            "ssh_keys": [
              "28675725"
            ],
            "status": "active",
            "tags": null,
            "urn": "do:droplet:230963941",
            "user_data": null,
            "vcpus": 1,
            "volume_ids": [],
            "vpc_uuid": "fd9a8a1a-dc84-11e8-8b13-3cfdfea9f160"
          },
          "sensitive_attributes": [],
          "private": "eyJzY2hlbWFfdmVyc2lvbiI6IjEifQ==",
          "dependencies": [
            "module.webserer.data.digitalocean_ssh_key.terraform"
          ]
        },
        {
          "index_key": 1,
          "schema_version": 1,
          "attributes": {
            "backups": false,
            "created_at": "2021-02-10T07:47:10Z",
            "disk": 25,
            "id": "230963942",
            "image": "ubuntu-18-04-x64",
            "ipv4_address": "46.101.102.129",
            "ipv4_address_private": "10.135.0.2",
            "ipv6": false,
            "ipv6_address": "",
            "ipv6_address_private": null,
            "locked": false,
            "memory": 1024,
            "monitoring": false,
            "name": "myunittest-www-1",
            "price_hourly": 0.00744,
            "price_monthly": 5,
            "private_networking": true,
            "region": "fra1",
            "resize_disk": true,
            "size": "s-1vcpu-1gb",
            "ssh_keys": [
              "28675725"
            ],
            "status": "active",
            "tags": null,
            "urn": "do:droplet:230963942",
            "user_data": null,
            "vcpus": 1,
            "volume_ids": [],
            "vpc_uuid": "fd9a8a1a-dc84-11e8-8b13-3cfdfea9f160"
          },
          "sensitive_attributes": [],
          "private": "eyJzY2hlbWFfdmVyc2lvbiI6IjEifQ==",
          "dependencies": [
            "module.webserer.data.digitalocean_ssh_key.terraform"
          ]
        }
      ]
    },
    {
      "module": "module.webserer",
      "mode": "managed",
      "type": "digitalocean_loadbalancer",
      "name": "www-loadbalancer",
      "provider": "module.webserer.provider[\"registry.terraform.io/digitalocean/digitalocean\"]",
      "instances": [
        {
          "schema_version": 0,
          "attributes": {
            "algorithm": "round_robin",
            "droplet_ids": [
              230963941,
              230963942
            ],
            "droplet_tag": "",
            "enable_backend_keepalive": false,
            "enable_proxy_protocol": false,
            "forwarding_rule": [
              {
                "certificate_id": "",
                "entry_port": 80,
                "entry_protocol": "http",
                "target_port": 80,
                "target_protocol": "http",
                "tls_passthrough": false
              }
            ],
            "healthcheck": [
              {
                "check_interval_seconds": 10,
                "healthy_threshold": 5,
                "path": "",
                "port": 22,
                "protocol": "tcp",
                "response_timeout_seconds": 5,
                "unhealthy_threshold": 3
              }
            ],
            "id": "21fcbb26-b53a-4957-91ef-1dc5c5f4630f",
            "ip": "164.90.242.41",
            "name": "myunittest-www-loadbalancer",
            "redirect_http_to_https": false,
            "region": "fra1",
            "status": "active",
            "sticky_sessions": [
              {
                "cookie_name": "",
                "cookie_ttl_seconds": 0,
                "type": "none"
              }
            ],
            "urn": "do:loadbalancer:21fcbb26-b53a-4957-91ef-1dc5c5f4630f",
            "vpc_uuid": "fd9a8a1a-dc84-11e8-8b13-3cfdfea9f160"
          },
          "sensitive_attributes": [],
          "private": "bnVsbA==",
          "dependencies": [
            "module.webserer.data.digitalocean_ssh_key.terraform",
            "module.webserer.digitalocean_droplet.web"
          ]
        }
      ]
    }
  ]
}
